
Microsoft Visual Studio Solution File, Format Version 12.00
# Visual Studio Version 16
VisualStudioVersion = 16.0.31205.134
MinimumVisualStudioVersion = 10.0.40219.1
Project("{9A19103F-16F7-4668-BE54-9A1E7A4F7556}") = "DentoTools", "DentoTools\DentoTools.csproj", "{D11BDEC3-0C8B-474B-B01A-CC5096C30DBA}"
EndProject
Global
	GlobalSection(SolutionConfigurationPlatforms) = preSolution
		Debug|Any CPU = Debug|Any CPU
		Release|Any CPU = Release|Any CPU
	EndGlobalSection
	GlobalSection(ProjectConfigurationPlatforms) = postSolution
		{D11BDEC3-0C8B-474B-B01A-CC5096C30DBA}.Debug|Any CPU.ActiveCfg = Debug|Any CPU
		{D11BDEC3-0C8B-474B-B01A-CC5096C30DBA}.Debug|Any CPU.Build.0 = Debug|Any CPU
		{D11BDEC3-0C8B-474B-B01A-CC5096C30DBA}.Release|Any CPU.ActiveCfg = Release|Any CPU
		{D11BDEC3-0C8B-474B-B01A-CC5096C30DBA}.Release|Any CPU.Build.0 = Release|Any CPU
	EndGlobalSection
	GlobalSection(SolutionProperties) = preSolution
		HideSolutionNode = FALSE
	EndGlobalSection
	GlobalSection(ExtensibilityGlobals) = postSolution
		SolutionGuid = {AFBF2475-6773-443C-91BA-DFAE47FCBAAD}
	EndGlobalSection
EndGlobal
