
Microsoft Visual Studio Solution File, Format Version 12.00
# Visual Studio Version 16
VisualStudioVersion = 16.0.31205.134
MinimumVisualStudioVersion = 10.0.40219.1
Project("{9A19103F-16F7-4668-BE54-9A1E7A4F7556}") = "DentoTools", "DentoTools\DentoTools.csproj", "{EC24821B-BB62-4C40-B85E-DA7E6626748D}"
EndProject
Project("{2150E333-8FDC-42A3-9474-1A3956D46DE8}") = "Repository Files", "Repository Files", "{B5A20200-6118-443D-B21C-8601F2047346}"
	ProjectSection(SolutionItems) = preProject
		LICENSE = LICENSE
		README.md = README.md
	EndProjectSection
EndProject
Global
	GlobalSection(SolutionConfigurationPlatforms) = preSolution
		Debug|Any CPU = Debug|Any CPU
		Release|Any CPU = Release|Any CPU
	EndGlobalSection
	GlobalSection(ProjectConfigurationPlatforms) = postSolution
		{EC24821B-BB62-4C40-B85E-DA7E6626748D}.Debug|Any CPU.ActiveCfg = Debug|Any CPU
		{EC24821B-BB62-4C40-B85E-DA7E6626748D}.Debug|Any CPU.Build.0 = Debug|Any CPU
		{EC24821B-BB62-4C40-B85E-DA7E6626748D}.Release|Any CPU.ActiveCfg = Release|Any CPU
		{EC24821B-BB62-4C40-B85E-DA7E6626748D}.Release|Any CPU.Build.0 = Release|Any CPU
	EndGlobalSection
	GlobalSection(SolutionProperties) = preSolution
		HideSolutionNode = FALSE
	EndGlobalSection
	GlobalSection(ExtensibilityGlobals) = postSolution
		SolutionGuid = {C950DB25-8521-44EA-91E7-F3DFF44E5D5B}
	EndGlobalSection
EndGlobal
